
Microsoft Visual Studio Solution File, Format Version 12.00
# Visual Studio 15
Project("{FAE04EC0-301F-11D3-BF4B-00C04F79EFBC}") = "Assembly-CSharp", "Assembly-CSharp.csproj", "{23DBED3E-1626-A01D-3BBA-BE30ED178884}"
EndProject
Project("{FAE04EC0-301F-11D3-BF4B-00C04F79EFBC}") = "Assembly-CSharp-firstpass", "Assembly-CSharp-firstpass.csproj", "{6A606630-9095-24A4-7F95-F514ECDF42B0}"
EndProject
Project("{FAE04EC0-301F-11D3-BF4B-00C04F79EFBC}") = "Assembly-CSharp-Editor-firstpass", "Assembly-CSharp-Editor-firstpass.csproj", "{6EB29B72-D8D4-C718-C1B7-5DEAE4F98B4C}"
EndProject
Global
	GlobalSection(SolutionConfigurationPlatforms) = preSolution
		Debug|Any CPU = Debug|Any CPU
		Release|Any CPU = Release|Any CPU
	EndGlobalSection
	GlobalSection(ProjectConfigurationPlatforms) = postSolution
		{23DBED3E-1626-A01D-3BBA-BE30ED178884}.Debug|Any CPU.ActiveCfg = Debug|Any CPU
		{23DBED3E-1626-A01D-3BBA-BE30ED178884}.Debug|Any CPU.Build.0 = Debug|Any CPU
		{23DBED3E-1626-A01D-3BBA-BE30ED178884}.Release|Any CPU.ActiveCfg = Release|Any CPU
		{23DBED3E-1626-A01D-3BBA-BE30ED178884}.Release|Any CPU.Build.0 = Release|Any CPU
		{6A606630-9095-24A4-7F95-F514ECDF42B0}.Debug|Any CPU.ActiveCfg = Debug|Any CPU
		{6A606630-9095-24A4-7F95-F514ECDF42B0}.Debug|Any CPU.Build.0 = Debug|Any CPU
		{6A606630-9095-24A4-7F95-F514ECDF42B0}.Release|Any CPU.ActiveCfg = Release|Any CPU
		{6A606630-9095-24A4-7F95-F514ECDF42B0}.Release|Any CPU.Build.0 = Release|Any CPU
		{6EB29B72-D8D4-C718-C1B7-5DEAE4F98B4C}.Debug|Any CPU.ActiveCfg = Debug|Any CPU
		{6EB29B72-D8D4-C718-C1B7-5DEAE4F98B4C}.Debug|Any CPU.Build.0 = Debug|Any CPU
		{6EB29B72-D8D4-C718-C1B7-5DEAE4F98B4C}.Release|Any CPU.ActiveCfg = Release|Any CPU
		{6EB29B72-D8D4-C718-C1B7-5DEAE4F98B4C}.Release|Any CPU.Build.0 = Release|Any CPU
	EndGlobalSection
	GlobalSection(SolutionProperties) = preSolution
		HideSolutionNode = FALSE
	EndGlobalSection
EndGlobal
